
Microsoft Visual Studio Solution File, Format Version 12.00
# Visual Studio Version 17
VisualStudioVersion = 17.9.34728.123
MinimumVisualStudioVersion = 10.0.40219.1
Project("{9A19103F-16F7-4668-BE54-9A1E7A4F7556}") = "DependencyInjection", "DependencyInjection\DependencyInjection.csproj", "{2C1E86D4-0162-4328-A5A2-1CCFF0C9D717}"
EndProject
Project("{FAE04EC0-301F-11D3-BF4B-00C04F79EFBC}") = "DependencyInjectionTest2", "DependencyInjectionTest2\DependencyInjectionTest2.csproj", "{2D77B3C4-E48D-4AD1-A70A-88A0CB22466B}"
EndProject
Global
	GlobalSection(SolutionConfigurationPlatforms) = preSolution
		Debug|Any CPU = Debug|Any CPU
		Release|Any CPU = Release|Any CPU
	EndGlobalSection
	GlobalSection(ProjectConfigurationPlatforms) = postSolution
		{2C1E86D4-0162-4328-A5A2-1CCFF0C9D717}.Debug|Any CPU.ActiveCfg = Debug|Any CPU
		{2C1E86D4-0162-4328-A5A2-1CCFF0C9D717}.Debug|Any CPU.Build.0 = Debug|Any CPU
		{2C1E86D4-0162-4328-A5A2-1CCFF0C9D717}.Release|Any CPU.ActiveCfg = Release|Any CPU
		{2C1E86D4-0162-4328-A5A2-1CCFF0C9D717}.Release|Any CPU.Build.0 = Release|Any CPU
		{2D77B3C4-E48D-4AD1-A70A-88A0CB22466B}.Debug|Any CPU.ActiveCfg = Debug|Any CPU
		{2D77B3C4-E48D-4AD1-A70A-88A0CB22466B}.Debug|Any CPU.Build.0 = Debug|Any CPU
		{2D77B3C4-E48D-4AD1-A70A-88A0CB22466B}.Release|Any CPU.ActiveCfg = Release|Any CPU
		{2D77B3C4-E48D-4AD1-A70A-88A0CB22466B}.Release|Any CPU.Build.0 = Release|Any CPU
	EndGlobalSection
	GlobalSection(SolutionProperties) = preSolution
		HideSolutionNode = FALSE
	EndGlobalSection
	GlobalSection(ExtensibilityGlobals) = postSolution
		SolutionGuid = {3EE401AB-5C4A-4F42-8706-93114DF3A6A8}
	EndGlobalSection
EndGlobal
